
Microsoft Visual Studio Solution File, Format Version 12.00
# Visual Studio Version 16
VisualStudioVersion = 16.0.31727.386
MinimumVisualStudioVersion = 10.0.40219.1
Project("{FAE04EC0-301F-11D3-BF4B-00C04F79EFBC}") = "TaskEmployeeManager", "TaskEmployeeManager\TaskEmployeeManager.csproj", "{1289C413-A797-4C44-B854-D84BD6967AE0}"
EndProject
Project("{FAE04EC0-301F-11D3-BF4B-00C04F79EFBC}") = "Domain", "Domain\Domain.csproj", "{373B8B26-91D6-4AB0-BBF5-5E7D134010F3}"
EndProject
Global
	GlobalSection(SolutionConfigurationPlatforms) = preSolution
		Debug|Any CPU = Debug|Any CPU
		Release|Any CPU = Release|Any CPU
	EndGlobalSection
	GlobalSection(ProjectConfigurationPlatforms) = postSolution
		{1289C413-A797-4C44-B854-D84BD6967AE0}.Debug|Any CPU.ActiveCfg = Debug|Any CPU
		{1289C413-A797-4C44-B854-D84BD6967AE0}.Debug|Any CPU.Build.0 = Debug|Any CPU
		{1289C413-A797-4C44-B854-D84BD6967AE0}.Release|Any CPU.ActiveCfg = Release|Any CPU
		{1289C413-A797-4C44-B854-D84BD6967AE0}.Release|Any CPU.Build.0 = Release|Any CPU
		{373B8B26-91D6-4AB0-BBF5-5E7D134010F3}.Debug|Any CPU.ActiveCfg = Debug|Any CPU
		{373B8B26-91D6-4AB0-BBF5-5E7D134010F3}.Debug|Any CPU.Build.0 = Debug|Any CPU
		{373B8B26-91D6-4AB0-BBF5-5E7D134010F3}.Release|Any CPU.ActiveCfg = Release|Any CPU
		{373B8B26-91D6-4AB0-BBF5-5E7D134010F3}.Release|Any CPU.Build.0 = Release|Any CPU
	EndGlobalSection
	GlobalSection(SolutionProperties) = preSolution
		HideSolutionNode = FALSE
	EndGlobalSection
	GlobalSection(ExtensibilityGlobals) = postSolution
		SolutionGuid = {6A4F1BDD-8971-407D-9F53-1B6B96A5F240}
	EndGlobalSection
EndGlobal
